
Microsoft Visual Studio Solution File, Format Version 12.00
# Visual Studio 15
VisualStudioVersion = 15.0.28010.2046
MinimumVisualStudioVersion = 10.0.40219.1
Project("{FAE04EC0-301F-11D3-BF4B-00C04F79EFBC}") = "Exception_Handling_Assignment", "Exception_Handling_Assignment\Exception_Handling_Assignment.csproj", "{2B5E2F73-E884-4CAA-8E17-B1753BF90653}"
EndProject
Global
	GlobalSection(SolutionConfigurationPlatforms) = preSolution
		Debug|Any CPU = Debug|Any CPU
		Release|Any CPU = Release|Any CPU
	EndGlobalSection
	GlobalSection(ProjectConfigurationPlatforms) = postSolution
		{2B5E2F73-E884-4CAA-8E17-B1753BF90653}.Debug|Any CPU.ActiveCfg = Debug|Any CPU
		{2B5E2F73-E884-4CAA-8E17-B1753BF90653}.Debug|Any CPU.Build.0 = Debug|Any CPU
		{2B5E2F73-E884-4CAA-8E17-B1753BF90653}.Release|Any CPU.ActiveCfg = Release|Any CPU
		{2B5E2F73-E884-4CAA-8E17-B1753BF90653}.Release|Any CPU.Build.0 = Release|Any CPU
	EndGlobalSection
	GlobalSection(SolutionProperties) = preSolution
		HideSolutionNode = FALSE
	EndGlobalSection
	GlobalSection(ExtensibilityGlobals) = postSolution
		SolutionGuid = {CD384227-8618-47F2-8F5E-CBB18B0A8623}
	EndGlobalSection
EndGlobal
