
Microsoft Visual Studio Solution File, Format Version 12.00
# Visual Studio 15
VisualStudioVersion = 15.0.28010.2046
MinimumVisualStudioVersion = 10.0.40219.1
Project("{FAE04EC0-301F-11D3-BF4B-00C04F79EFBC}") = "Constuctor_Chaining_Assignment", "Constuctor_Chaining_Assignment\Constuctor_Chaining_Assignment.csproj", "{549FBCA3-B4BC-45E2-8DBA-31DE198C0AF4}"
EndProject
Global
	GlobalSection(SolutionConfigurationPlatforms) = preSolution
		Debug|Any CPU = Debug|Any CPU
		Release|Any CPU = Release|Any CPU
	EndGlobalSection
	GlobalSection(ProjectConfigurationPlatforms) = postSolution
		{549FBCA3-B4BC-45E2-8DBA-31DE198C0AF4}.Debug|Any CPU.ActiveCfg = Debug|Any CPU
		{549FBCA3-B4BC-45E2-8DBA-31DE198C0AF4}.Debug|Any CPU.Build.0 = Debug|Any CPU
		{549FBCA3-B4BC-45E2-8DBA-31DE198C0AF4}.Release|Any CPU.ActiveCfg = Release|Any CPU
		{549FBCA3-B4BC-45E2-8DBA-31DE198C0AF4}.Release|Any CPU.Build.0 = Release|Any CPU
	EndGlobalSection
	GlobalSection(SolutionProperties) = preSolution
		HideSolutionNode = FALSE
	EndGlobalSection
	GlobalSection(ExtensibilityGlobals) = postSolution
		SolutionGuid = {90153373-D684-43B2-A775-1C4695995E54}
	EndGlobalSection
EndGlobal
