
Microsoft Visual Studio Solution File, Format Version 12.00
# Visual Studio 15
VisualStudioVersion = 15.0.28010.2046
MinimumVisualStudioVersion = 10.0.40219.1
Project("{FAE04EC0-301F-11D3-BF4B-00C04F79EFBC}") = "Inheritance_Assignment", "Inheritance_Assignment\Inheritance_Assignment.csproj", "{76553DF9-091E-4FFE-8FC0-26DE9764353C}"
EndProject
Global
	GlobalSection(SolutionConfigurationPlatforms) = preSolution
		Debug|Any CPU = Debug|Any CPU
		Release|Any CPU = Release|Any CPU
	EndGlobalSection
	GlobalSection(ProjectConfigurationPlatforms) = postSolution
		{76553DF9-091E-4FFE-8FC0-26DE9764353C}.Debug|Any CPU.ActiveCfg = Debug|Any CPU
		{76553DF9-091E-4FFE-8FC0-26DE9764353C}.Debug|Any CPU.Build.0 = Debug|Any CPU
		{76553DF9-091E-4FFE-8FC0-26DE9764353C}.Release|Any CPU.ActiveCfg = Release|Any CPU
		{76553DF9-091E-4FFE-8FC0-26DE9764353C}.Release|Any CPU.Build.0 = Release|Any CPU
	EndGlobalSection
	GlobalSection(SolutionProperties) = preSolution
		HideSolutionNode = FALSE
	EndGlobalSection
	GlobalSection(ExtensibilityGlobals) = postSolution
		SolutionGuid = {7847BC24-2F6F-4CD9-9F1E-A96FD65B03E2}
	EndGlobalSection
EndGlobal
