
Microsoft Visual Studio Solution File, Format Version 12.00
# Visual Studio 15
VisualStudioVersion = 15.0.28010.2046
MinimumVisualStudioVersion = 10.0.40219.1
Project("{FAE04EC0-301F-11D3-BF4B-00C04F79EFBC}") = "Lambda_Expression_Assignment", "Lambda_Expression_Assignment\Lambda_Expression_Assignment.csproj", "{3CAD11B4-A1AE-4438-8111-C7ADE10ADB23}"
EndProject
Global
	GlobalSection(SolutionConfigurationPlatforms) = preSolution
		Debug|Any CPU = Debug|Any CPU
		Release|Any CPU = Release|Any CPU
	EndGlobalSection
	GlobalSection(ProjectConfigurationPlatforms) = postSolution
		{3CAD11B4-A1AE-4438-8111-C7ADE10ADB23}.Debug|Any CPU.ActiveCfg = Debug|Any CPU
		{3CAD11B4-A1AE-4438-8111-C7ADE10ADB23}.Debug|Any CPU.Build.0 = Debug|Any CPU
		{3CAD11B4-A1AE-4438-8111-C7ADE10ADB23}.Release|Any CPU.ActiveCfg = Release|Any CPU
		{3CAD11B4-A1AE-4438-8111-C7ADE10ADB23}.Release|Any CPU.Build.0 = Release|Any CPU
	EndGlobalSection
	GlobalSection(SolutionProperties) = preSolution
		HideSolutionNode = FALSE
	EndGlobalSection
	GlobalSection(ExtensibilityGlobals) = postSolution
		SolutionGuid = {E9B5BBC0-D236-4A16-B6AB-55624E788480}
	EndGlobalSection
EndGlobal
