
Microsoft Visual Studio Solution File, Format Version 12.00
# Visual Studio 15
VisualStudioVersion = 15.0.28010.2046
MinimumVisualStudioVersion = 10.0.40219.1
Project("{FAE04EC0-301F-11D3-BF4B-00C04F79EFBC}") = "Branching_Exercise", "Branching_Exercise\Branching_Exercise.csproj", "{44033351-ECC4-4306-83E6-056F8E414BA5}"
EndProject
Global
	GlobalSection(SolutionConfigurationPlatforms) = preSolution
		Debug|Any CPU = Debug|Any CPU
		Release|Any CPU = Release|Any CPU
	EndGlobalSection
	GlobalSection(ProjectConfigurationPlatforms) = postSolution
		{44033351-ECC4-4306-83E6-056F8E414BA5}.Debug|Any CPU.ActiveCfg = Debug|Any CPU
		{44033351-ECC4-4306-83E6-056F8E414BA5}.Debug|Any CPU.Build.0 = Debug|Any CPU
		{44033351-ECC4-4306-83E6-056F8E414BA5}.Release|Any CPU.ActiveCfg = Release|Any CPU
		{44033351-ECC4-4306-83E6-056F8E414BA5}.Release|Any CPU.Build.0 = Release|Any CPU
	EndGlobalSection
	GlobalSection(SolutionProperties) = preSolution
		HideSolutionNode = FALSE
	EndGlobalSection
	GlobalSection(ExtensibilityGlobals) = postSolution
		SolutionGuid = {2DD42889-01D3-4CE2-9980-C7E667D0545C}
	EndGlobalSection
EndGlobal
