
Microsoft Visual Studio Solution File, Format Version 12.00
# Visual Studio 15
VisualStudioVersion = 15.0.28010.2046
MinimumVisualStudioVersion = 10.0.40219.1
Project("{FAE04EC0-301F-11D3-BF4B-00C04F79EFBC}") = "DateTime_Assignment", "DateTime_Assignment\DateTime_Assignment.csproj", "{4EB021A8-17FD-444B-AE9F-5662B7253070}"
EndProject
Global
	GlobalSection(SolutionConfigurationPlatforms) = preSolution
		Debug|Any CPU = Debug|Any CPU
		Release|Any CPU = Release|Any CPU
	EndGlobalSection
	GlobalSection(ProjectConfigurationPlatforms) = postSolution
		{4EB021A8-17FD-444B-AE9F-5662B7253070}.Debug|Any CPU.ActiveCfg = Debug|Any CPU
		{4EB021A8-17FD-444B-AE9F-5662B7253070}.Debug|Any CPU.Build.0 = Debug|Any CPU
		{4EB021A8-17FD-444B-AE9F-5662B7253070}.Release|Any CPU.ActiveCfg = Release|Any CPU
		{4EB021A8-17FD-444B-AE9F-5662B7253070}.Release|Any CPU.Build.0 = Release|Any CPU
	EndGlobalSection
	GlobalSection(SolutionProperties) = preSolution
		HideSolutionNode = FALSE
	EndGlobalSection
	GlobalSection(ExtensibilityGlobals) = postSolution
		SolutionGuid = {CA862C54-389A-40DA-9DEA-020F7F7393F0}
	EndGlobalSection
EndGlobal
